// !$*UTF8*$!
{
	archiveVersion = 1;
	classes = {
	};
	objectVersion = 77;
	objects = {

/* Begin PBXBuildFile section */
		01687146E6405F9F6EB4D3BA /* FavoriteViewModel.swift in Sources */ = {isa = PBXBuildFile; fileRef = 86D156B72D7200A033A5D60C /* FavoriteViewModel.swift */; };
		040C210830108A95000D52C2 /* CachedAsyncImage.swift in Sources */ = {isa = PBXBuildFile; fileRef = 040C210730108A94000D52C2 /* CachedAsyncImage.swift */; };
		0502C118A0AF1902531F8D45 /* MovieApp.xcdatamodeld in Sources */ = {isa = PBXBuildFile; fileRef = CFD7DC757BE1CA95056DEB83 /* MovieApp.xcdatamodeld */; };
		05694CF0E2E7CBA21532C387 /* MovieMapper.swift in Sources */ = {isa = PBXBuildFile; fileRef = D753BA435FAAF2A0C6155FC2 /* MovieMapper.swift */; };
		08890BEE32E25110B9C08971 /* CoreDataStack.swift in Sources */ = {isa = PBXBuildFile; fileRef = 4D1661FC2BB816C3DA042ABD /* CoreDataStack.swift */; };
		17AAB1C9AE36E64D7C36A9BF /* Assets.xcassets in Resources */ = {isa = PBXBuildFile; fileRef = DCE020E795DFCFA22B4A0DD5 /* Assets.xcassets */; };
		19D734325AB37DD878AFE3D4 /* EmptyStateView.swift in Sources */ = {isa = PBXBuildFile; fileRef = 3CC32FB8BCC518091583C2F0 /* EmptyStateView.swift */; };
		383045325F8D21829CF6D005 /* HomeViewModel.swift in Sources */ = {isa = PBXBuildFile; fileRef = FA0961B9701DABA5DCD21ADF /* HomeViewModel.swift */; };
		3ACB19D1C4BDEE1D427E2214 /* MovieDetailDTO.swift in Sources */ = {isa = PBXBuildFile; fileRef = DCFEE6560CA71FB48B755924 /* MovieDetailDTO.swift */; };
		3BACE0766A0E55447CCD3791 /* MovieDTO.swift in Sources */ = {isa = PBXBuildFile; fileRef = 9DE87967B84F3A3910E0DCAD /* MovieDTO.swift */; };
		428412B7E282D6E01CB94DB1 /* DetailViewModel.swift in Sources */ = {isa = PBXBuildFile; fileRef = F248B275BE1DA9204E39A7D8 /* DetailViewModel.swift */; };
		5653ABCE1E2494CA27B942E7 /* FavoriteUseCases.swift in Sources */ = {isa = PBXBuildFile; fileRef = 6ADAE61CC4B90B406B517C1C /* FavoriteUseCases.swift */; };
		5BB68CBEC8BB4D1059170DF9 /* AboutView.swift in Sources */ = {isa = PBXBuildFile; fileRef = 9F45BE2325798413C699098F /* AboutView.swift */; };
		5DE9DF6AA9AD00F62E265BA0 /* HomeView.swift in Sources */ = {isa = PBXBuildFile; fileRef = 763F343B4352DFC0F9270E12 /* HomeView.swift */; };
		5EF2B2E3ED04522803E84507 /* Swinject in Frameworks */ = {isa = PBXBuildFile; productRef = 2A5759F6295F3F9FF2E5B404 /* Swinject */; };
		64130A72D0D4E9D61830E9DA /* GetMovieDetailUseCase.swift in Sources */ = {isa = PBXBuildFile; fileRef = E847F44F4D7F5DCA28963809 /* GetMovieDetailUseCase.swift */; };
		66665D0D81793AE188E30507 /* LoadingView.swift in Sources */ = {isa = PBXBuildFile; fileRef = 36AD18D7EBE1CCADFD4D7959 /* LoadingView.swift */; };
		6BA6CCEC050C653E43A6CEE7 /* FavoriteView.swift in Sources */ = {isa = PBXBuildFile; fileRef = D0ABA1BCFBC5943A9DEC5932 /* FavoriteView.swift */; };
		6D2FD1F7BC3995AE84A3769B /* MovieRepository.swift in Sources */ = {isa = PBXBuildFile; fileRef = 31E239D02C50C1FC536B55FC /* MovieRepository.swift */; };
		78CFA340731A9AB9C0369959 /* APIClient.swift in Sources */ = {isa = PBXBuildFile; fileRef = 488CF5D7CD106F2CB974315F /* APIClient.swift */; };
		96E59CFA45C2DA26C136856C /* MovieAppApp.swift in Sources */ = {isa = PBXBuildFile; fileRef = 980C669F7802F52E879EF277 /* MovieAppApp.swift */; };
		A65915B49DAA1A784A3D20AB /* Genre.swift in Sources */ = {isa = PBXBuildFile; fileRef = 0AFCADB9C4D42D0092EE1159 /* Genre.swift */; };
		C253B1A61D99426D9A4AF11C /* FavoriteLocalDataSource.swift in Sources */ = {isa = PBXBuildFile; fileRef = 88555B17C7E1BF6517E2E163 /* FavoriteLocalDataSource.swift */; };
		C792FCFFBFB89387B0FE8753 /* MovieRowView.swift in Sources */ = {isa = PBXBuildFile; fileRef = DE1D4B23DB1940730EAF1881 /* MovieRowView.swift */; };
		C8B1C4BA731CC21751F47FD0 /* SearchMoviesUseCase.swift in Sources */ = {isa = PBXBuildFile; fileRef = D1ABA9B94E9B8E7D84576988 /* SearchMoviesUseCase.swift */; };
		CB4DE49FB9DB7DD7DE435EBF /* TMDBEndpoint.swift in Sources */ = {isa = PBXBuildFile; fileRef = 51B2D75EBAC4787B2E77E56A /* TMDBEndpoint.swift */; };
		DDF748FC467245091F34649E /* MovieRepositoryProtocol.swift in Sources */ = {isa = PBXBuildFile; fileRef = 19C9312B5DECA0D0DD528EC3 /* MovieRepositoryProtocol.swift */; };
		E3ECBA5D0C5AACF1556E9B11 /* MovieDetail.swift in Sources */ = {isa = PBXBuildFile; fileRef = 132A636B03EA701869A2947E /* MovieDetail.swift */; };
		E7EB85B3273A434ED706BD5F /* NetworkError.swift in Sources */ = {isa = PBXBuildFile; fileRef = 644E0C231ADE31E710515845 /* NetworkError.swift */; };
		EBC4DE793434618280D4D3FC /* ErrorStateView.swift in Sources */ = {isa = PBXBuildFile; fileRef = 34813C0BB4D3467FF1ECD8AB /* ErrorStateView.swift */; };
		EE65343EB26203525BEB4260 /* GetPopularMoviesUseCase.swift in Sources */ = {isa = PBXBuildFile; fileRef = 031E82416A95FB2AE9353981 /* GetPopularMoviesUseCase.swift */; };
		F18F947B8BE522065D27BF89 /* DIContainer.swift in Sources */ = {isa = PBXBuildFile; fileRef = 55490DC33B43272D2A5F0404 /* DIContainer.swift */; };
		F9C7B5E07100CFCA414928A0 /* Movie.swift in Sources */ = {isa = PBXBuildFile; fileRef = C0EB36B114CF4D80385E669F /* Movie.swift */; };
		FB9F2B987FD7768802A3405E /* DetailView.swift in Sources */ = {isa = PBXBuildFile; fileRef = 17D79F4508B7A5E5AC4B9C2C /* DetailView.swift */; };
/* End PBXBuildFile section */

/* Begin PBXFileReference section */
		031E82416A95FB2AE9353981 /* GetPopularMoviesUseCase.swift */ = {isa = PBXFileReference; lastKnownFileType = sourcecode.swift; path = GetPopularMoviesUseCase.swift; sourceTree = "<group>"; };
		040C210730108A94000D52C2 /* CachedAsyncImage.swift */ = {isa = PBXFileReference; lastKnownFileType = sourcecode.swift; path = CachedAsyncImage.swift; sourceTree = "<group>"; };
		0AFCADB9C4D42D0092EE1159 /* Genre.swift */ = {isa = PBXFileReference; lastKnownFileType = sourcecode.swift; path = Genre.swift; sourceTree = "<group>"; };
		0CB9FAAEC7BF27A7B79515EC /* Info.plist */ = {isa = PBXFileReference; lastKnownFileType = text.plist; path = Info.plist; sourceTree = "<group>"; };
		132A636B03EA701869A2947E /* MovieDetail.swift */ = {isa = PBXFileReference; lastKnownFileType = sourcecode.swift; path = MovieDetail.swift; sourceTree = "<group>"; };
		17D79F4508B7A5E5AC4B9C2C /* DetailView.swift */ = {isa = PBXFileReference; lastKnownFileType = sourcecode.swift; path = DetailView.swift; sourceTree = "<group>"; };
		19C9312B5DECA0D0DD528EC3 /* MovieRepositoryProtocol.swift */ = {isa = PBXFileReference; lastKnownFileType = sourcecode.swift; path = MovieRepositoryProtocol.swift; sourceTree = "<group>"; };
		31E239D02C50C1FC536B55FC /* MovieRepository.swift */ = {isa = PBXFileReference; lastKnownFileType = sourcecode.swift; path = MovieRepository.swift; sourceTree = "<group>"; };
		34813C0BB4D3467FF1ECD8AB /* ErrorStateView.swift */ = {isa = PBXFileReference; lastKnownFileType = sourcecode.swift; path = ErrorStateView.swift; sourceTree = "<group>"; };
		36AD18D7EBE1CCADFD4D7959 /* LoadingView.swift */ = {isa = PBXFileReference; lastKnownFileType = sourcecode.swift; path = LoadingView.swift; sourceTree = "<group>"; };
		3CC32FB8BCC518091583C2F0 /* EmptyStateView.swift */ = {isa = PBXFileReference; lastKnownFileType = sourcecode.swift; path = EmptyStateView.swift; sourceTree = "<group>"; };
		488CF5D7CD106F2CB974315F /* APIClient.swift */ = {isa = PBXFileReference; lastKnownFileType = sourcecode.swift; path = APIClient.swift; sourceTree = "<group>"; };
		4D1661FC2BB816C3DA042ABD /* CoreDataStack.swift */ = {isa = PBXFileReference; lastKnownFileType = sourcecode.swift; path = CoreDataStack.swift; sourceTree = "<group>"; };
		51B2D75EBAC4787B2E77E56A /* TMDBEndpoint.swift */ = {isa = PBXFileReference; lastKnownFileType = sourcecode.swift; path = TMDBEndpoint.swift; sourceTree = "<group>"; };
		55490DC33B43272D2A5F0404 /* DIContainer.swift */ = {isa = PBXFileReference; lastKnownFileType = sourcecode.swift; path = DIContainer.swift; sourceTree = "<group>"; };
		644E0C231ADE31E710515845 /* NetworkError.swift */ = {isa = PBXFileReference; lastKnownFileType = sourcecode.swift; path = NetworkError.swift; sourceTree = "<group>"; };
		6ADAE61CC4B90B406B517C1C /* FavoriteUseCases.swift */ = {isa = PBXFileReference; lastKnownFileType = sourcecode.swift; path = FavoriteUseCases.swift; sourceTree = "<group>"; };
		72A6A09E7CEF5316ECADA999 /* MovieApp.xcdatamodel */ = {isa = PBXFileReference; lastKnownFileType = wrapper.xcdatamodel; path = MovieApp.xcdatamodel; sourceTree = "<group>"; };
		763F343B4352DFC0F9270E12 /* HomeView.swift */ = {isa = PBXFileReference; lastKnownFileType = sourcecode.swift; path = HomeView.swift; sourceTree = "<group>"; };
		86D156B72D7200A033A5D60C /* FavoriteViewModel.swift */ = {isa = PBXFileReference; lastKnownFileType = sourcecode.swift; path = FavoriteViewModel.swift; sourceTree = "<group>"; };
		88555B17C7E1BF6517E2E163 /* FavoriteLocalDataSource.swift */ = {isa = PBXFileReference; lastKnownFileType = sourcecode.swift; path = FavoriteLocalDataSource.swift; sourceTree = "<group>"; };
		980C669F7802F52E879EF277 /* MovieAppApp.swift */ = {isa = PBXFileReference; lastKnownFileType = sourcecode.swift; path = MovieAppApp.swift; sourceTree = "<group>"; };
		9DE87967B84F3A3910E0DCAD /* MovieDTO.swift */ = {isa = PBXFileReference; lastKnownFileType = sourcecode.swift; path = MovieDTO.swift; sourceTree = "<group>"; };
		9F45BE2325798413C699098F /* AboutView.swift */ = {isa = PBXFileReference; lastKnownFileType = sourcecode.swift; path = AboutView.swift; sourceTree = "<group>"; };
		A4B197BF14228FF2924F5B49 /* MovieApp.app */ = {isa = PBXFileReference; explicitFileType = wrapper.application; includeInIndex = 0; path = MovieApp.app; sourceTree = BUILT_PRODUCTS_DIR; };
		C0EB36B114CF4D80385E669F /* Movie.swift */ = {isa = PBXFileReference; lastKnownFileType = sourcecode.swift; path = Movie.swift; sourceTree = "<group>"; };
		D0ABA1BCFBC5943A9DEC5932 /* FavoriteView.swift */ = {isa = PBXFileReference; lastKnownFileType = sourcecode.swift; path = FavoriteView.swift; sourceTree = "<group>"; };
		D1ABA9B94E9B8E7D84576988 /* SearchMoviesUseCase.swift */ = {isa = PBXFileReference; lastKnownFileType = sourcecode.swift; path = SearchMoviesUseCase.swift; sourceTree = "<group>"; };
		D753BA435FAAF2A0C6155FC2 /* MovieMapper.swift */ = {isa = PBXFileReference; lastKnownFileType = sourcecode.swift; path = MovieMapper.swift; sourceTree = "<group>"; };
		DCE020E795DFCFA22B4A0DD5 /* Assets.xcassets */ = {isa = PBXFileReference; lastKnownFileType = folder.assetcatalog; path = Assets.xcassets; sourceTree = "<group>"; };
		DCFEE6560CA71FB48B755924 /* MovieDetailDTO.swift */ = {isa = PBXFileReference; lastKnownFileType = sourcecode.swift; path = MovieDetailDTO.swift; sourceTree = "<group>"; };
		DE1D4B23DB1940730EAF1881 /* MovieRowView.swift */ = {isa = PBXFileReference; lastKnownFileType = sourcecode.swift; path = MovieRowView.swift; sourceTree = "<group>"; };
		E847F44F4D7F5DCA28963809 /* GetMovieDetailUseCase.swift */ = {isa = PBXFileReference; lastKnownFileType = sourcecode.swift; path = GetMovieDetailUseCase.swift; sourceTree = "<group>"; };
		F248B275BE1DA9204E39A7D8 /* DetailViewModel.swift */ = {isa = PBXFileReference; lastKnownFileType = sourcecode.swift; path = DetailViewModel.swift; sourceTree = "<group>"; };
		FA0961B9701DABA5DCD21ADF /* HomeViewModel.swift */ = {isa = PBXFileReference; lastKnownFileType = sourcecode.swift; path = HomeViewModel.swift; sourceTree = "<group>"; };
/* End PBXFileReference section */

/* Begin PBXFrameworksBuildPhase section */
		6638AD87FA2DBDA6DC358797 /* Frameworks */ = {
			isa = PBXFrameworksBuildPhase;
			buildActionMask = 2147483647;
			files = (
				5EF2B2E3ED04522803E84507 /* Swinject in Frameworks */,
			);
			runOnlyForDeploymentPostprocessing = 0;
		};
/* End PBXFrameworksBuildPhase section */

/* Begin PBXGroup section */
		23DFF3B24763FF0DD397E352 /* Network */ = {
			isa = PBXGroup;
			children = (
				488CF5D7CD106F2CB974315F /* APIClient.swift */,
				644E0C231ADE31E710515845 /* NetworkError.swift */,
				51B2D75EBAC4787B2E77E56A /* TMDBEndpoint.swift */,
			);
			path = Network;
			sourceTree = "<group>";
		};
		24B2DCE46BB358E6668F54BE /* UseCases */ = {
			isa = PBXGroup;
			children = (
				6ADAE61CC4B90B406B517C1C /* FavoriteUseCases.swift */,
				E847F44F4D7F5DCA28963809 /* GetMovieDetailUseCase.swift */,
				031E82416A95FB2AE9353981 /* GetPopularMoviesUseCase.swift */,
				D1ABA9B94E9B8E7D84576988 /* SearchMoviesUseCase.swift */,
			);
			path = UseCases;
			sourceTree = "<group>";
		};
		2CFECACEAA416C1B933E35B1 /* App */ = {
			isa = PBXGroup;
			children = (
				55490DC33B43272D2A5F0404 /* DIContainer.swift */,
				980C669F7802F52E879EF277 /* MovieAppApp.swift */,
			);
			path = App;
			sourceTree = "<group>";
		};
		33D5D69FB1BFA240A582AB6A /* Entities */ = {
			isa = PBXGroup;
			children = (
				0AFCADB9C4D42D0092EE1159 /* Genre.swift */,
				C0EB36B114CF4D80385E669F /* Movie.swift */,
				132A636B03EA701869A2947E /* MovieDetail.swift */,
			);
			path = Entities;
			sourceTree = "<group>";
		};
		3D79575CD65E387C8E792186 /* About */ = {
			isa = PBXGroup;
			children = (
				9F45BE2325798413C699098F /* AboutView.swift */,
			);
			path = About;
			sourceTree = "<group>";
		};
		3E8C3111F68243A35BB3A813 /* Mapper */ = {
			isa = PBXGroup;
			children = (
				D753BA435FAAF2A0C6155FC2 /* MovieMapper.swift */,
			);
			path = Mapper;
			sourceTree = "<group>";
		};
		46FCA80E0C9CC10A650CFA7E /* Persistence */ = {
			isa = PBXGroup;
			children = (
				4D1661FC2BB816C3DA042ABD /* CoreDataStack.swift */,
				88555B17C7E1BF6517E2E163 /* FavoriteLocalDataSource.swift */,
				CFD7DC757BE1CA95056DEB83 /* MovieApp.xcdatamodeld */,
			);
			path = Persistence;
			sourceTree = "<group>";
		};
		4BE97126FAF496DA46936B4C /* DTO */ = {
			isa = PBXGroup;
			children = (
				DCFEE6560CA71FB48B755924 /* MovieDetailDTO.swift */,
				9DE87967B84F3A3910E0DCAD /* MovieDTO.swift */,
			);
			path = DTO;
			sourceTree = "<group>";
		};
		51FD305A303534EFA3910DE1 /* Data */ = {
			isa = PBXGroup;
			children = (
				4BE97126FAF496DA46936B4C /* DTO */,
				3E8C3111F68243A35BB3A813 /* Mapper */,
				23DFF3B24763FF0DD397E352 /* Network */,
				46FCA80E0C9CC10A650CFA7E /* Persistence */,
				DC0BDFCFF97DD09012456BAD /* Repository */,
			);
			path = Data;
			sourceTree = "<group>";
		};
		6832701E2D8B3662B4C01671 /* Presentation */ = {
			isa = PBXGroup;
			children = (
				3D79575CD65E387C8E792186 /* About */,
				C35FFC13A5906BE9825C3DB9 /* Common */,
				E7856A75A218B92F4B674241 /* Detail */,
				8D4F3407B2E0B908275EF93A /* Favorite */,
				9CD03B650A57EAC160A53994 /* Home */,
			);
			path = Presentation;
			sourceTree = "<group>";
		};
		8CF8D9EDEC939740E582CED5 /* Products */ = {
			isa = PBXGroup;
			children = (
				A4B197BF14228FF2924F5B49 /* MovieApp.app */,
			);
			name = Products;
			sourceTree = "<group>";
		};
		8D4F3407B2E0B908275EF93A /* Favorite */ = {
			isa = PBXGroup;
			children = (
				D0ABA1BCFBC5943A9DEC5932 /* FavoriteView.swift */,
				86D156B72D7200A033A5D60C /* FavoriteViewModel.swift */,
			);
			path = Favorite;
			sourceTree = "<group>";
		};
		9C86B7EF5AFAEEA7CD9629A3 /* Repositories */ = {
			isa = PBXGroup;
			children = (
				19C9312B5DECA0D0DD528EC3 /* MovieRepositoryProtocol.swift */,
			);
			path = Repositories;
			sourceTree = "<group>";
		};
		9CD03B650A57EAC160A53994 /* Home */ = {
			isa = PBXGroup;
			children = (
				763F343B4352DFC0F9270E12 /* HomeView.swift */,
				FA0961B9701DABA5DCD21ADF /* HomeViewModel.swift */,
			);
			path = Home;
			sourceTree = "<group>";
		};
		BB72C5667011A584F8E1B470 = {
			isa = PBXGroup;
			children = (
				DAD90003C631DD585864DEC8 /* MovieApp */,
				8CF8D9EDEC939740E582CED5 /* Products */,
			);
			sourceTree = "<group>";
		};
		C35FFC13A5906BE9825C3DB9 /* Common */ = {
			isa = PBXGroup;
			children = (
				040C210730108A94000D52C2 /* CachedAsyncImage.swift */,
				3CC32FB8BCC518091583C2F0 /* EmptyStateView.swift */,
				34813C0BB4D3467FF1ECD8AB /* ErrorStateView.swift */,
				36AD18D7EBE1CCADFD4D7959 /* LoadingView.swift */,
				DE1D4B23DB1940730EAF1881 /* MovieRowView.swift */,
			);
			path = Common;
			sourceTree = "<group>";
		};
		D7E693A038F52C5A62822A76 /* Domain */ = {
			isa = PBXGroup;
			children = (
				33D5D69FB1BFA240A582AB6A /* Entities */,
				9C86B7EF5AFAEEA7CD9629A3 /* Repositories */,
				24B2DCE46BB358E6668F54BE /* UseCases */,
			);
			path = Domain;
			sourceTree = "<group>";
		};
		DAD90003C631DD585864DEC8 /* MovieApp */ = {
			isa = PBXGroup;
			children = (
				2CFECACEAA416C1B933E35B1 /* App */,
				51FD305A303534EFA3910DE1 /* Data */,
				D7E693A038F52C5A62822A76 /* Domain */,
				6832701E2D8B3662B4C01671 /* Presentation */,
				FE1ABAA98BBCC793B3BF44B4 /* Resources */,
			);
			path = MovieApp;
			sourceTree = "<group>";
		};
		DC0BDFCFF97DD09012456BAD /* Repository */ = {
			isa = PBXGroup;
			children = (
				31E239D02C50C1FC536B55FC /* MovieRepository.swift */,
			);
			path = Repository;
			sourceTree = "<group>";
		};
		E7856A75A218B92F4B674241 /* Detail */ = {
			isa = PBXGroup;
			children = (
				17D79F4508B7A5E5AC4B9C2C /* DetailView.swift */,
				F248B275BE1DA9204E39A7D8 /* DetailViewModel.swift */,
			);
			path = Detail;
			sourceTree = "<group>";
		};
		FE1ABAA98BBCC793B3BF44B4 /* Resources */ = {
			isa = PBXGroup;
			children = (
				DCE020E795DFCFA22B4A0DD5 /* Assets.xcassets */,
				0CB9FAAEC7BF27A7B79515EC /* Info.plist */,
			);
			path = Resources;
			sourceTree = "<group>";
		};
/* End PBXGroup section */

/* Begin PBXNativeTarget section */
		0ED366EA933286D3E5DA8AD2 /* MovieApp */ = {
			isa = PBXNativeTarget;
			buildConfigurationList = 9FFAA2334C806188DCFA3F04 /* Build configuration list for PBXNativeTarget "MovieApp" */;
			buildPhases = (
				29405C30FD0E292177829DD4 /* Sources */,
				65AD12B0684C46285CDA4518 /* Resources */,
				6638AD87FA2DBDA6DC358797 /* Frameworks */,
			);
			buildRules = (
			);
			dependencies = (
			);
			name = MovieApp;
			packageProductDependencies = (
				2A5759F6295F3F9FF2E5B404 /* Swinject */,
			);
			productName = MovieApp;
			productReference = A4B197BF14228FF2924F5B49 /* MovieApp.app */;
			productType = "com.apple.product-type.application";
		};
/* End PBXNativeTarget section */

/* Begin PBXProject section */
		7E13D21117F282133524A36F /* Project object */ = {
			isa = PBXProject;
			attributes = {
				BuildIndependentTargetsInParallel = YES;
				LastUpgradeCheck = 1430;
			};
			buildConfigurationList = 65C4930A79F44418E11C90A7 /* Build configuration list for PBXProject "MovieApp" */;
			developmentRegion = en;
			hasScannedForEncodings = 0;
			knownRegions = (
				Base,
				en,
			);
			mainGroup = BB72C5667011A584F8E1B470;
			minimizedProjectReferenceProxies = 1;
			packageReferences = (
				C8921AABFD12690B1FDC9EDA /* XCRemoteSwiftPackageReference "Swinject" */,
			);
			preferredProjectObjectVersion = 77;
			productRefGroup = 8CF8D9EDEC939740E582CED5 /* Products */;
			projectDirPath = "";
			projectRoot = "";
			targets = (
				0ED366EA933286D3E5DA8AD2 /* MovieApp */,
			);
		};
/* End PBXProject section */

/* Begin PBXResourcesBuildPhase section */
		65AD12B0684C46285CDA4518 /* Resources */ = {
			isa = PBXResourcesBuildPhase;
			buildActionMask = 2147483647;
			files = (
				17AAB1C9AE36E64D7C36A9BF /* Assets.xcassets in Resources */,
			);
			runOnlyForDeploymentPostprocessing = 0;
		};
/* End PBXResourcesBuildPhase section */

/* Begin PBXSourcesBuildPhase section */
		29405C30FD0E292177829DD4 /* Sources */ = {
			isa = PBXSourcesBuildPhase;
			buildActionMask = 2147483647;
			files = (
				78CFA340731A9AB9C0369959 /* APIClient.swift in Sources */,
				5BB68CBEC8BB4D1059170DF9 /* AboutView.swift in Sources */,
				040C210830108A95000D52C2 /* CachedAsyncImage.swift in Sources */,
				08890BEE32E25110B9C08971 /* CoreDataStack.swift in Sources */,
				F18F947B8BE522065D27BF89 /* DIContainer.swift in Sources */,
				FB9F2B987FD7768802A3405E /* DetailView.swift in Sources */,
				428412B7E282D6E01CB94DB1 /* DetailViewModel.swift in Sources */,
				19D734325AB37DD878AFE3D4 /* EmptyStateView.swift in Sources */,
				EBC4DE793434618280D4D3FC /* ErrorStateView.swift in Sources */,
				C253B1A61D99426D9A4AF11C /* FavoriteLocalDataSource.swift in Sources */,
				5653ABCE1E2494CA27B942E7 /* FavoriteUseCases.swift in Sources */,
				6BA6CCEC050C653E43A6CEE7 /* FavoriteView.swift in Sources */,
				01687146E6405F9F6EB4D3BA /* FavoriteViewModel.swift in Sources */,
				A65915B49DAA1A784A3D20AB /* Genre.swift in Sources */,
				64130A72D0D4E9D61830E9DA /* GetMovieDetailUseCase.swift in Sources */,
				EE65343EB26203525BEB4260 /* GetPopularMoviesUseCase.swift in Sources */,
				5DE9DF6AA9AD00F62E265BA0 /* HomeView.swift in Sources */,
				383045325F8D21829CF6D005 /* HomeViewModel.swift in Sources */,
				66665D0D81793AE188E30507 /* LoadingView.swift in Sources */,
				F9C7B5E07100CFCA414928A0 /* Movie.swift in Sources */,
				0502C118A0AF1902531F8D45 /* MovieApp.xcdatamodeld in Sources */,
				96E59CFA45C2DA26C136856C /* MovieAppApp.swift in Sources */,
				3BACE0766A0E55447CCD3791 /* MovieDTO.swift in Sources */,
				E3ECBA5D0C5AACF1556E9B11 /* MovieDetail.swift in Sources */,
				3ACB19D1C4BDEE1D427E2214 /* MovieDetailDTO.swift in Sources */,
				05694CF0E2E7CBA21532C387 /* MovieMapper.swift in Sources */,
				6D2FD1F7BC3995AE84A3769B /* MovieRepository.swift in Sources */,
				DDF748FC467245091F34649E /* MovieRepositoryProtocol.swift in Sources */,
				C792FCFFBFB89387B0FE8753 /* MovieRowView.swift in Sources */,
				E7EB85B3273A434ED706BD5F /* NetworkError.swift in Sources */,
				C8B1C4BA731CC21751F47FD0 /* SearchMoviesUseCase.swift in Sources */,
				CB4DE49FB9DB7DD7DE435EBF /* TMDBEndpoint.swift in Sources */,
			);
			runOnlyForDeploymentPostprocessing = 0;
		};
/* End PBXSourcesBuildPhase section */

/* Begin XCBuildConfiguration section */
		06E0D771B959D8ABBC1CF7C9 /* Debug */ = {
			isa = XCBuildConfiguration;
			buildSettings = {
				ASSETCATALOG_COMPILER_APPICON_NAME = AppIcon;
				ASSETCATALOG_COMPILER_GLOBAL_ACCENT_COLOR_NAME = AccentColor;
				CODE_SIGN_IDENTITY = "Apple Development";
				CODE_SIGN_STYLE = Automatic;
				CURRENT_PROJECT_VERSION = 1;
				DEVELOPMENT_TEAM = "";
				GENERATE_INFOPLIST_FILE = NO;
				INFOPLIST_FILE = MovieApp/Resources/Info.plist;
				LD_RUNPATH_SEARCH_PATHS = (
					"$(inherited)",
					"@executable_path/Frameworks",
				);
				MARKETING_VERSION = 1.0.0;
				PRODUCT_BUNDLE_IDENTIFIER = com.fahmi.movieapp;
				PROVISIONING_PROFILE_SPECIFIER = "";
				SDKROOT = iphoneos;
				SWIFT_VERSION = 5.0;
				TARGETED_DEVICE_FAMILY = 1;
			};
			name = Debug;
		};
		1F89D620E070AB58A3922D1C /* Release */ = {
			isa = XCBuildConfiguration;
			buildSettings = {
				ASSETCATALOG_COMPILER_APPICON_NAME = AppIcon;
				ASSETCATALOG_COMPILER_GLOBAL_ACCENT_COLOR_NAME = AccentColor;
				CODE_SIGN_IDENTITY = "Apple Development";
				CODE_SIGN_STYLE = Automatic;
				CURRENT_PROJECT_VERSION = 1;
				DEVELOPMENT_TEAM = "";
				GENERATE_INFOPLIST_FILE = NO;
				INFOPLIST_FILE = MovieApp/Resources/Info.plist;
				LD_RUNPATH_SEARCH_PATHS = (
					"$(inherited)",
					"@executable_path/Frameworks",
				);
				MARKETING_VERSION = 1.0.0;
				PRODUCT_BUNDLE_IDENTIFIER = com.fahmi.movieapp;
				PROVISIONING_PROFILE_SPECIFIER = "";
				SDKROOT = iphoneos;
				SWIFT_VERSION = 5.0;
				TARGETED_DEVICE_FAMILY = 1;
			};
			name = Release;
		};
		35703982958FCBC9213D0397 /* Release */ = {
			isa = XCBuildConfiguration;
			buildSettings = {
				ALWAYS_SEARCH_USER_PATHS = NO;
				CLANG_ANALYZER_NONNULL = YES;
				CLANG_ANALYZER_NUMBER_OBJECT_CONVERSION = YES_AGGRESSIVE;
				CLANG_CXX_LANGUAGE_STANDARD = "gnu++14";
				CLANG_CXX_LIBRARY = "libc++";
				CLANG_ENABLE_MODULES = YES;
				CLANG_ENABLE_OBJC_ARC = YES;
				CLANG_ENABLE_OBJC_WEAK = YES;
				CLANG_WARN_BLOCK_CAPTURE_AUTORELEASING = YES;
				CLANG_WARN_BOOL_CONVERSION = YES;
				CLANG_WARN_COMMA = YES;
				CLANG_WARN_CONSTANT_CONVERSION = YES;
				CLANG_WARN_DEPRECATED_OBJC_IMPLEMENTATIONS = YES;
				CLANG_WARN_DIRECT_OBJC_ISA_USAGE = YES_ERROR;
				CLANG_WARN_DOCUMENTATION_COMMENTS = YES;
				CLANG_WARN_EMPTY_BODY = YES;
				CLANG_WARN_ENUM_CONVERSION = YES;
				CLANG_WARN_INFINITE_RECURSION = YES;
				CLANG_WARN_INT_CONVERSION = YES;
				CLANG_WARN_NON_LITERAL_NULL_CONVERSION = YES;
				CLANG_WARN_OBJC_IMPLICIT_RETAIN_SELF = YES;
				CLANG_WARN_OBJC_LITERAL_CONVERSION = YES;
				CLANG_WARN_OBJC_ROOT_CLASS = YES_ERROR;
				CLANG_WARN_QUOTED_INCLUDE_IN_FRAMEWORK_HEADER = YES;
				CLANG_WARN_RANGE_LOOP_ANALYSIS = YES;
				CLANG_WARN_STRICT_PROTOTYPES = YES;
				CLANG_WARN_SUSPICIOUS_MOVE = YES;
				CLANG_WARN_UNGUARDED_AVAILABILITY = YES_AGGRESSIVE;
				CLANG_WARN_UNREACHABLE_CODE = YES;
				CLANG_WARN__DUPLICATE_METHOD_MATCH = YES;
				COPY_PHASE_STRIP = NO;
				DEBUG_INFORMATION_FORMAT = "dwarf-with-dsym";
				ENABLE_NS_ASSERTIONS = NO;
				ENABLE_STRICT_OBJC_MSGSEND = YES;
				GCC_C_LANGUAGE_STANDARD = gnu11;
				GCC_NO_COMMON_BLOCKS = YES;
				GCC_WARN_64_TO_32_BIT_CONVERSION = YES;
				GCC_WARN_ABOUT_RETURN_TYPE = YES_ERROR;
				GCC_WARN_UNDECLARED_SELECTOR = YES;
				GCC_WARN_UNINITIALIZED_AUTOS = YES_AGGRESSIVE;
				GCC_WARN_UNUSED_FUNCTION = YES;
				GCC_WARN_UNUSED_VARIABLE = YES;
				IPHONEOS_DEPLOYMENT_TARGET = 16.0;
				MTL_ENABLE_DEBUG_INFO = NO;
				MTL_FAST_MATH = YES;
				PRODUCT_NAME = "$(TARGET_NAME)";
				SDKROOT = iphoneos;
				SWIFT_COMPILATION_MODE = wholemodule;
				SWIFT_OPTIMIZATION_LEVEL = "-O";
				SWIFT_VERSION = 5.0;
			};
			name = Release;
		};
		F54F6A460E791565D003BA01 /* Debug */ = {
			isa = XCBuildConfiguration;
			buildSettings = {
				ALWAYS_SEARCH_USER_PATHS = NO;
				CLANG_ANALYZER_NONNULL = YES;
				CLANG_ANALYZER_NUMBER_OBJECT_CONVERSION = YES_AGGRESSIVE;
				CLANG_CXX_LANGUAGE_STANDARD = "gnu++14";
				CLANG_CXX_LIBRARY = "libc++";
				CLANG_ENABLE_MODULES = YES;
				CLANG_ENABLE_OBJC_ARC = YES;
				CLANG_ENABLE_OBJC_WEAK = YES;
				CLANG_WARN_BLOCK_CAPTURE_AUTORELEASING = YES;
				CLANG_WARN_BOOL_CONVERSION = YES;
				CLANG_WARN_COMMA = YES;
				CLANG_WARN_CONSTANT_CONVERSION = YES;
				CLANG_WARN_DEPRECATED_OBJC_IMPLEMENTATIONS = YES;
				CLANG_WARN_DIRECT_OBJC_ISA_USAGE = YES_ERROR;
				CLANG_WARN_DOCUMENTATION_COMMENTS = YES;
				CLANG_WARN_EMPTY_BODY = YES;
				CLANG_WARN_ENUM_CONVERSION = YES;
				CLANG_WARN_INFINITE_RECURSION = YES;
				CLANG_WARN_INT_CONVERSION = YES;
				CLANG_WARN_NON_LITERAL_NULL_CONVERSION = YES;
				CLANG_WARN_OBJC_IMPLICIT_RETAIN_SELF = YES;
				CLANG_WARN_OBJC_LITERAL_CONVERSION = YES;
				CLANG_WARN_OBJC_ROOT_CLASS = YES_ERROR;
				CLANG_WARN_QUOTED_INCLUDE_IN_FRAMEWORK_HEADER = YES;
				CLANG_WARN_RANGE_LOOP_ANALYSIS = YES;
				CLANG_WARN_STRICT_PROTOTYPES = YES;
				CLANG_WARN_SUSPICIOUS_MOVE = YES;
				CLANG_WARN_UNGUARDED_AVAILABILITY = YES_AGGRESSIVE;
				CLANG_WARN_UNREACHABLE_CODE = YES;
				CLANG_WARN__DUPLICATE_METHOD_MATCH = YES;
				COPY_PHASE_STRIP = NO;
				DEBUG_INFORMATION_FORMAT = dwarf;
				ENABLE_STRICT_OBJC_MSGSEND = YES;
				ENABLE_TESTABILITY = YES;
				GCC_C_LANGUAGE_STANDARD = gnu11;
				GCC_DYNAMIC_NO_PIC = NO;
				GCC_NO_COMMON_BLOCKS = YES;
				GCC_OPTIMIZATION_LEVEL = 0;
				GCC_PREPROCESSOR_DEFINITIONS = (
					"$(inherited)",
					"DEBUG=1",
				);
				GCC_WARN_64_TO_32_BIT_CONVERSION = YES;
				GCC_WARN_ABOUT_RETURN_TYPE = YES_ERROR;
				GCC_WARN_UNDECLARED_SELECTOR = YES;
				GCC_WARN_UNINITIALIZED_AUTOS = YES_AGGRESSIVE;
				GCC_WARN_UNUSED_FUNCTION = YES;
				GCC_WARN_UNUSED_VARIABLE = YES;
				IPHONEOS_DEPLOYMENT_TARGET = 16.0;
				MTL_ENABLE_DEBUG_INFO = INCLUDE_SOURCE;
				MTL_FAST_MATH = YES;
				ONLY_ACTIVE_ARCH = YES;
				PRODUCT_NAME = "$(TARGET_NAME)";
				SDKROOT = iphoneos;
				SWIFT_ACTIVE_COMPILATION_CONDITIONS = DEBUG;
				SWIFT_OPTIMIZATION_LEVEL = "-Onone";
				SWIFT_VERSION = 5.0;
			};
			name = Debug;
		};
/* End XCBuildConfiguration section */

/* Begin XCConfigurationList section */
		65C4930A79F44418E11C90A7 /* Build configuration list for PBXProject "MovieApp" */ = {
			isa = XCConfigurationList;
			buildConfigurations = (
				F54F6A460E791565D003BA01 /* Debug */,
				35703982958FCBC9213D0397 /* Release */,
			);
			defaultConfigurationIsVisible = 0;
			defaultConfigurationName = Debug;
		};
		9FFAA2334C806188DCFA3F04 /* Build configuration list for PBXNativeTarget "MovieApp" */ = {
			isa = XCConfigurationList;
			buildConfigurations = (
				06E0D771B959D8ABBC1CF7C9 /* Debug */,
				1F89D620E070AB58A3922D1C /* Release */,
			);
			defaultConfigurationIsVisible = 0;
			defaultConfigurationName = Debug;
		};
/* End XCConfigurationList section */

/* Begin XCRemoteSwiftPackageReference section */
		C8921AABFD12690B1FDC9EDA /* XCRemoteSwiftPackageReference "Swinject" */ = {
			isa = XCRemoteSwiftPackageReference;
			repositoryURL = "https://github.com/Swinject/Swinject.git";
			requirement = {
				kind = upToNextMajorVersion;
				minimumVersion = 2.9.1;
			};
		};
/* End XCRemoteSwiftPackageReference section */

/* Begin XCSwiftPackageProductDependency section */
		2A5759F6295F3F9FF2E5B404 /* Swinject */ = {
			isa = XCSwiftPackageProductDependency;
			package = C8921AABFD12690B1FDC9EDA /* XCRemoteSwiftPackageReference "Swinject" */;
			productName = Swinject;
		};
/* End XCSwiftPackageProductDependency section */

/* Begin XCVersionGroup section */
		CFD7DC757BE1CA95056DEB83 /* MovieApp.xcdatamodeld */ = {
			isa = XCVersionGroup;
			children = (
				72A6A09E7CEF5316ECADA999 /* MovieApp.xcdatamodel */,
			);
			currentVersion = 72A6A09E7CEF5316ECADA999 /* MovieApp.xcdatamodel */;
			path = MovieApp.xcdatamodeld;
			sourceTree = "<group>";
			versionGroupType = wrapper.xcdatamodel;
		};
/* End XCVersionGroup section */
	};
	rootObject = 7E13D21117F282133524A36F /* Project object */;
}
